PODS:
  - LCEasyTableView (0.2.0)
  - YYKit (1.0.9):
    - YYKit/no-arc (= 1.0.9)
  - YYKit/no-arc (1.0.9)

DEPENDENCIES:
  - LCEasyTableView (from `../`)
  - YYKit

SPEC REPOS:
  https://github.com/cocoapods/specs.git:
    - YYKit

EXTERNAL SOURCES:
  LCEasyTableView:
    :path: "../"

SPEC CHECKSUMS:
  LCEasyTableView: 9a595abf5716d02325f679f25a9b0e9777428a4f
  YYKit: 7cda43304a8dc3696c449041e2cb3107b4e236e7

PODFILE CHECKSUM: 0e214e3b62004d615ac871848f3a375d1a9e9441

COCOAPODS: 1.6.1
