// !$*UTF8*$!
{
	archiveVersion = 1;
	classes = {
	};
	objectVersion = 46;
	objects = {

/* Begin PBXBuildFile section */
		43828D37238BF19600460A24 /* LCAnimalCellViewModel.m in Sources */ = {isa = PBXBuildFile; fileRef = 43828D15238BF19600460A24 /* LCAnimalCellViewModel.m */; };
		43828D38238BF19600460A24 /* LCActionCellViewModel.m in Sources */ = {isa = PBXBuildFile; fileRef = 43828D16238BF19600460A24 /* LCActionCellViewModel.m */; };
		43828D39238BF19600460A24 /* LCDataStyleRowsViewController.m in Sources */ = {isa = PBXBuildFile; fileRef = 43828D1E238BF19600460A24 /* LCDataStyleRowsViewController.m */; };
		43828D3A238BF19600460A24 /* LCDataStyleSectionsViewController.m in Sources */ = {isa = PBXBuildFile; fileRef = 43828D1F238BF19600460A24 /* LCDataStyleSectionsViewController.m */; };
		43828D3B238BF19600460A24 /* LCDataStyleAllViewController.m in Sources */ = {isa = PBXBuildFile; fileRef = 43828D20238BF19600460A24 /* LCDataStyleAllViewController.m */; };
		43828D3C238BF19600460A24 /* LCTableStyleViewController.m in Sources */ = {isa = PBXBuildFile; fileRef = 43828D24238BF19600460A24 /* LCTableStyleViewController.m */; };
		43828D3D238BF19600460A24 /* LCCellsViewController.m in Sources */ = {isa = PBXBuildFile; fileRef = 43828D25238BF19600460A24 /* LCCellsViewController.m */; };
		43828D3E238BF19600460A24 /* LCAnimalModel.m in Sources */ = {isa = PBXBuildFile; fileRef = 43828D27238BF19600460A24 /* LCAnimalModel.m */; };
		43828D3F238BF19600460A24 /* LCPersonModel.m in Sources */ = {isa = PBXBuildFile; fileRef = 43828D28238BF19600460A24 /* LCPersonModel.m */; };
		43828D40238BF19600460A24 /* LCPlantModel.m in Sources */ = {isa = PBXBuildFile; fileRef = 43828D29238BF19600460A24 /* LCPlantModel.m */; };
		43828D41238BF19600460A24 /* LCAnimalCell.m in Sources */ = {isa = PBXBuildFile; fileRef = 43828D2E238BF19600460A24 /* LCAnimalCell.m */; };
		43828D42238BF19600460A24 /* LCPlantCell.xib in Resources */ = {isa = PBXBuildFile; fileRef = 43828D2F238BF19600460A24 /* LCPlantCell.xib */; };
		43828D43238BF19600460A24 /* LCPlantCell.m in Sources */ = {isa = PBXBuildFile; fileRef = 43828D30238BF19600460A24 /* LCPlantCell.m */; };
		43828D44238BF19600460A24 /* LCActionCell.m in Sources */ = {isa = PBXBuildFile; fileRef = 43828D31238BF19600460A24 /* LCActionCell.m */; };
		43828D45238BF19600460A24 /* LCPersonCell.m in Sources */ = {isa = PBXBuildFile; fileRef = 43828D36238BF19600460A24 /* LCPersonCell.m */; };
		43828D48238BF19D00460A24 /* LCNavigationController.m in Sources */ = {isa = PBXBuildFile; fileRef = 43828D47238BF19D00460A24 /* LCNavigationController.m */; };
		6003F58E195388D20070C39A /* Foundation.framework in Frameworks */ = {isa = PBXBuildFile; fileRef = 6003F58D195388D20070C39A /* Foundation.framework */; };
		6003F590195388D20070C39A /* CoreGraphics.framework in Frameworks */ = {isa = PBXBuildFile; fileRef = 6003F58F195388D20070C39A /* CoreGraphics.framework */; };
		6003F592195388D20070C39A /* UIKit.framework in Frameworks */ = {isa = PBXBuildFile; fileRef = 6003F591195388D20070C39A /* UIKit.framework */; };
		6003F598195388D20070C39A /* InfoPlist.strings in Resources */ = {isa = PBXBuildFile; fileRef = 6003F596195388D20070C39A /* InfoPlist.strings */; };
		6003F59A195388D20070C39A /* main.m in Sources */ = {isa = PBXBuildFile; fileRef = 6003F599195388D20070C39A /* main.m */; };
		6003F59E195388D20070C39A /* LCAppDelegate.m in Sources */ = {isa = PBXBuildFile; fileRef = 6003F59D195388D20070C39A /* LCAppDelegate.m */; };
		6003F5A7195388D20070C39A /* LCViewController.m in Sources */ = {isa = PBXBuildFile; fileRef = 6003F5A6195388D20070C39A /* LCViewController.m */; };
		6003F5A9195388D20070C39A /* Images.xcassets in Resources */ = {isa = PBXBuildFile; fileRef = 6003F5A8195388D20070C39A /* Images.xcassets */; };
		6003F5B0195388D20070C39A /* XCTest.framework in Frameworks */ = {isa = PBXBuildFile; fileRef = 6003F5AF195388D20070C39A /* XCTest.framework */; };
		6003F5B1195388D20070C39A /* Foundation.framework in Frameworks */ = {isa = PBXBuildFile; fileRef = 6003F58D195388D20070C39A /* Foundation.framework */; };
		6003F5B2195388D20070C39A /* UIKit.framework in Frameworks */ = {isa = PBXBuildFile; fileRef = 6003F591195388D20070C39A /* UIKit.framework */; };
		6003F5BA195388D20070C39A /* InfoPlist.strings in Resources */ = {isa = PBXBuildFile; fileRef = 6003F5B8195388D20070C39A /* InfoPlist.strings */; };
		6003F5BC195388D20070C39A /* Tests.m in Sources */ = {isa = PBXBuildFile; fileRef = 6003F5BB195388D20070C39A /* Tests.m */; };
		71719F9F1E33DC2100824A3D /* LaunchScreen.storyboard in Resources */ = {isa = PBXBuildFile; fileRef = 71719F9D1E33DC2100824A3D /* LaunchScreen.storyboard */; };
		873B8AEB1B1F5CCA007FD442 /* Main.storyboard in Resources */ = {isa = PBXBuildFile; fileRef = 873B8AEA1B1F5CCA007FD442 /* Main.storyboard */; };
		898C1F396A386332445F54AA /* Pods_LCEasyTableView_Example.framework in Frameworks */ = {isa = PBXBuildFile; fileRef = E2C06740AFF179632D53E397 /* Pods_LCEasyTableView_Example.framework */; };
		B7E489753C52D91CD7A957BC /* Pods_LCEasyTableView_Tests.framework in Frameworks */ = {isa = PBXBuildFile; fileRef = BAEE6E4302B288E3D4CFF1CD /* Pods_LCEasyTableView_Tests.framework */; };
/* End PBXBuildFile section */

/* Begin PBXContainerItemProxy section */
		6003F5B3195388D20070C39A /* PBXContainerItemProxy */ = {
			isa = PBXContainerItemProxy;
			containerPortal = 6003F582195388D10070C39A /* Project object */;
			proxyType = 1;
			remoteGlobalIDString = 6003F589195388D20070C39A;
			remoteInfo = LCEasyTableView;
		};
/* End PBXContainerItemProxy section */

/* Begin PBXFileReference section */
		38FFE36ACE93C2D5CD311DD8 /* README.md */ = {isa = PBXFileReference; includeInIndex = 1; lastKnownFileType = net.daringfireball.markdown; name = README.md; path = ../README.md; sourceTree = "<group>"; };
		43828D15238BF19600460A24 /* LCAnimalCellViewModel.m */ = {isa = PBXFileReference; fileEncoding = 4; lastKnownFileType = sourcecode.c.objc; path = LCAnimalCellViewModel.m; sourceTree = "<group>"; };
		43828D16238BF19600460A24 /* LCActionCellViewModel.m */ = {isa = PBXFileReference; fileEncoding = 4; lastKnownFileType = sourcecode.c.objc; path = LCActionCellViewModel.m; sourceTree = "<group>"; };
		43828D17238BF19600460A24 /* LCAnimalCellViewModel.h */ = {isa = PBXFileReference; fileEncoding = 4; lastKnownFileType = sourcecode.c.h; path = LCAnimalCellViewModel.h; sourceTree = "<group>"; };
		43828D18238BF19600460A24 /* LCActionCellViewModel.h */ = {isa = PBXFileReference; fileEncoding = 4; lastKnownFileType = sourcecode.c.h; path = LCActionCellViewModel.h; sourceTree = "<group>"; };
		43828D1B238BF19600460A24 /* LCDataStyleSectionsViewController.h */ = {isa = PBXFileReference; fileEncoding = 4; lastKnownFileType = sourcecode.c.h; path = LCDataStyleSectionsViewController.h; sourceTree = "<group>"; };
		43828D1C238BF19600460A24 /* LCDataStyleRowsViewController.h */ = {isa = PBXFileReference; fileEncoding = 4; lastKnownFileType = sourcecode.c.h; path = LCDataStyleRowsViewController.h; sourceTree = "<group>"; };
		43828D1D238BF19600460A24 /* LCDataStyleAllViewController.h */ = {isa = PBXFileReference; fileEncoding = 4; lastKnownFileType = sourcecode.c.h; path = LCDataStyleAllViewController.h; sourceTree = "<group>"; };
		43828D1E238BF19600460A24 /* LCDataStyleRowsViewController.m */ = {isa = PBXFileReference; fileEncoding = 4; lastKnownFileType = sourcecode.c.objc; path = LCDataStyleRowsViewController.m; sourceTree = "<group>"; };
		43828D1F238BF19600460A24 /* LCDataStyleSectionsViewController.m */ = {isa = PBXFileReference; fileEncoding = 4; lastKnownFileType = sourcecode.c.objc; path = LCDataStyleSectionsViewController.m; sourceTree = "<group>"; };
		43828D20238BF19600460A24 /* LCDataStyleAllViewController.m */ = {isa = PBXFileReference; fileEncoding = 4; lastKnownFileType = sourcecode.c.objc; path = LCDataStyleAllViewController.m; sourceTree = "<group>"; };
		43828D22238BF19600460A24 /* LCTableStyleViewController.h */ = {isa = PBXFileReference; fileEncoding = 4; lastKnownFileType = sourcecode.c.h; path = LCTableStyleViewController.h; sourceTree = "<group>"; };
		43828D23238BF19600460A24 /* LCCellsViewController.h */ = {isa = PBXFileReference; fileEncoding = 4; lastKnownFileType = sourcecode.c.h; path = LCCellsViewController.h; sourceTree = "<group>"; };
		43828D24238BF19600460A24 /* LCTableStyleViewController.m */ = {isa = PBXFileReference; fileEncoding = 4; lastKnownFileType = sourcecode.c.objc; path = LCTableStyleViewController.m; sourceTree = "<group>"; };
		43828D25238BF19600460A24 /* LCCellsViewController.m */ = {isa = PBXFileReference; fileEncoding = 4; lastKnownFileType = sourcecode.c.objc; path = LCCellsViewController.m; sourceTree = "<group>"; };
		43828D27238BF19600460A24 /* LCAnimalModel.m */ = {isa = PBXFileReference; fileEncoding = 4; lastKnownFileType = sourcecode.c.objc; path = LCAnimalModel.m; sourceTree = "<group>"; };
		43828D28238BF19600460A24 /* LCPersonModel.m */ = {isa = PBXFileReference; fileEncoding = 4; lastKnownFileType = sourcecode.c.objc; path = LCPersonModel.m; sourceTree = "<group>"; };
		43828D29238BF19600460A24 /* LCPlantModel.m */ = {isa = PBXFileReference; fileEncoding = 4; lastKnownFileType = sourcecode.c.objc; path = LCPlantModel.m; sourceTree = "<group>"; };
		43828D2A238BF19600460A24 /* LCAnimalModel.h */ = {isa = PBXFileReference; fileEncoding = 4; lastKnownFileType = sourcecode.c.h; path = LCAnimalModel.h; sourceTree = "<group>"; };
		43828D2B238BF19600460A24 /* LCPersonModel.h */ = {isa = PBXFileReference; fileEncoding = 4; lastKnownFileType = sourcecode.c.h; path = LCPersonModel.h; sourceTree = "<group>"; };
		43828D2C238BF19600460A24 /* LCPlantModel.h */ = {isa = PBXFileReference; fileEncoding = 4; lastKnownFileType = sourcecode.c.h; path = LCPlantModel.h; sourceTree = "<group>"; };
		43828D2E238BF19600460A24 /* LCAnimalCell.m */ = {isa = PBXFileReference; fileEncoding = 4; lastKnownFileType = sourcecode.c.objc; path = LCAnimalCell.m; sourceTree = "<group>"; };
		43828D2F238BF19600460A24 /* LCPlantCell.xib */ = {isa = PBXFileReference; fileEncoding = 4; lastKnownFileType = file.xib; path = LCPlantCell.xib; sourceTree = "<group>"; };
		43828D30238BF19600460A24 /* LCPlantCell.m */ = {isa = PBXFileReference; fileEncoding = 4; lastKnownFileType = sourcecode.c.objc; path = LCPlantCell.m; sourceTree = "<group>"; };
		43828D31238BF19600460A24 /* LCActionCell.m */ = {isa = PBXFileReference; fileEncoding = 4; lastKnownFileType = sourcecode.c.objc; path = LCActionCell.m; sourceTree = "<group>"; };
		43828D32238BF19600460A24 /* LCPersonCell.h */ = {isa = PBXFileReference; fileEncoding = 4; lastKnownFileType = sourcecode.c.h; path = LCPersonCell.h; sourceTree = "<group>"; };
		43828D33238BF19600460A24 /* LCAnimalCell.h */ = {isa = PBXFileReference; fileEncoding = 4; lastKnownFileType = sourcecode.c.h; path = LCAnimalCell.h; sourceTree = "<group>"; };
		43828D34238BF19600460A24 /* LCActionCell.h */ = {isa = PBXFileReference; fileEncoding = 4; lastKnownFileType = sourcecode.c.h; path = LCActionCell.h; sourceTree = "<group>"; };
		43828D35238BF19600460A24 /* LCPlantCell.h */ = {isa = PBXFileReference; fileEncoding = 4; lastKnownFileType = sourcecode.c.h; path = LCPlantCell.h; sourceTree = "<group>"; };
		43828D36238BF19600460A24 /* LCPersonCell.m */ = {isa = PBXFileReference; fileEncoding = 4; lastKnownFileType = sourcecode.c.objc; path = LCPersonCell.m; sourceTree = "<group>"; };
		43828D46238BF19D00460A24 /* LCNavigationController.h */ = {isa = PBXFileReference; fileEncoding = 4; lastKnownFileType = sourcecode.c.h; path = LCNavigationController.h; sourceTree = "<group>"; };
		43828D47238BF19D00460A24 /* LCNavigationController.m */ = {isa = PBXFileReference; fileEncoding = 4; lastKnownFileType = sourcecode.c.objc; path = LCNavigationController.m; sourceTree = "<group>"; };
		5DE68630476180DE112B29CB /* LCEasyTableView.podspec */ = {isa = PBXFileReference; includeInIndex = 1; lastKnownFileType = text; name = LCEasyTableView.podspec; path = ../LCEasyTableView.podspec; sourceTree = "<group>"; xcLanguageSpecificationIdentifier = xcode.lang.ruby; };
		5F49301F8717CB18605AEB36 /* LICENSE */ = {isa = PBXFileReference; includeInIndex = 1; lastKnownFileType = text; name = LICENSE; path = ../LICENSE; sourceTree = "<group>"; };
		6003F58A195388D20070C39A /* LCEasyTableView_Example.app */ = {isa = PBXFileReference; explicitFileType = wrapper.application; includeInIndex = 0; path = LCEasyTableView_Example.app; sourceTree = BUILT_PRODUCTS_DIR; };
		6003F58D195388D20070C39A /* Foundation.framework */ = {isa = PBXFileReference; lastKnownFileType = wrapper.framework; name = Foundation.framework; path = System/Library/Frameworks/Foundation.framework; sourceTree = SDKROOT; };
		6003F58F195388D20070C39A /* CoreGraphics.framework */ = {isa = PBXFileReference; lastKnownFileType = wrapper.framework; name = CoreGraphics.framework; path = System/Library/Frameworks/CoreGraphics.framework; sourceTree = SDKROOT; };
		6003F591195388D20070C39A /* UIKit.framework */ = {isa = PBXFileReference; lastKnownFileType = wrapper.framework; name = UIKit.framework; path = System/Library/Frameworks/UIKit.framework; sourceTree = SDKROOT; };
		6003F595195388D20070C39A /* LCEasyTableView-Info.plist */ = {isa = PBXFileReference; lastKnownFileType = text.plist.xml; path = "LCEasyTableView-Info.plist"; sourceTree = "<group>"; };
		6003F597195388D20070C39A /* en */ = {isa = PBXFileReference; lastKnownFileType = text.plist.strings; name = en; path = en.lproj/InfoPlist.strings; sourceTree = "<group>"; };
		6003F599195388D20070C39A /* main.m */ = {isa = PBXFileReference; lastKnownFileType = sourcecode.c.objc; path = main.m; sourceTree = "<group>"; };
		6003F59B195388D20070C39A /* LCEasyTableView-Prefix.pch */ = {isa = PBXFileReference; lastKnownFileType = sourcecode.c.h; path = "LCEasyTableView-Prefix.pch"; sourceTree = "<group>"; };
		6003F59C195388D20070C39A /* LCAppDelegate.h */ = {isa = PBXFileReference; lastKnownFileType = sourcecode.c.h; path = LCAppDelegate.h; sourceTree = "<group>"; };
		6003F59D195388D20070C39A /* LCAppDelegate.m */ = {isa = PBXFileReference; lastKnownFileType = sourcecode.c.objc; path = LCAppDelegate.m; sourceTree = "<group>"; };
		6003F5A5195388D20070C39A /* LCViewController.h */ = {isa = PBXFileReference; lastKnownFileType = sourcecode.c.h; path = LCViewController.h; sourceTree = "<group>"; };
		6003F5A6195388D20070C39A /* LCViewController.m */ = {isa = PBXFileReference; lastKnownFileType = sourcecode.c.objc; path = LCViewController.m; sourceTree = "<group>"; };
		6003F5A8195388D20070C39A /* Images.xcassets */ = {isa = PBXFileReference; lastKnownFileType = folder.assetcatalog; path = Images.xcassets; sourceTree = "<group>"; };
		6003F5AE195388D20070C39A /* LCEasyTableView_Tests.xctest */ = {isa = PBXFileReference; explicitFileType = wrapper.cfbundle; includeInIndex = 0; path = LCEasyTableView_Tests.xctest; sourceTree = BUILT_PRODUCTS_DIR; };
		6003F5AF195388D20070C39A /* XCTest.framework */ = {isa = PBXFileReference; lastKnownFileType = wrapper.framework; name = XCTest.framework; path = Library/Frameworks/XCTest.framework; sourceTree = DEVELOPER_DIR; };
		6003F5B7195388D20070C39A /* Tests-Info.plist */ = {isa = PBXFileReference; lastKnownFileType = text.plist.xml; path = "Tests-Info.plist"; sourceTree = "<group>"; };
		6003F5B9195388D20070C39A /* en */ = {isa = PBXFileReference; lastKnownFileType = text.plist.strings; name = en; path = en.lproj/InfoPlist.strings; sourceTree = "<group>"; };
		6003F5BB195388D20070C39A /* Tests.m */ = {isa = PBXFileReference; lastKnownFileType = sourcecode.c.objc; path = Tests.m; sourceTree = "<group>"; };
		606FC2411953D9B200FFA9A0 /* Tests-Prefix.pch */ = {isa = PBXFileReference; lastKnownFileType = sourcecode.c.h; path = "Tests-Prefix.pch"; sourceTree = "<group>"; };
		71719F9E1E33DC2100824A3D /* Base */ = {isa = PBXFileReference; lastKnownFileType = file.storyboard; name = Base; path = Base.lproj/LaunchScreen.storyboard; sourceTree = "<group>"; };
		873B8AEA1B1F5CCA007FD442 /* Main.storyboard */ = {isa = PBXFileReference; fileEncoding = 4; lastKnownFileType = file.storyboard; name = Main.storyboard; path = Base.lproj/Main.storyboard; sourceTree = "<group>"; };
		896E9D1F0BA02508860FC844 /* Pods-LCEasyTableView_Tests.debug.xcconfig */ = {isa = PBXFileReference; includeInIndex = 1; lastKnownFileType = text.xcconfig; name = "Pods-LCEasyTableView_Tests.debug.xcconfig"; path = "Target Support Files/Pods-LCEasyTableView_Tests/Pods-LCEasyTableView_Tests.debug.xcconfig"; sourceTree = "<group>"; };
		9B89E89010358EF18B8309B4 /* Pods-LCEasyTableView_Example.release.xcconfig */ = {isa = PBXFileReference; includeInIndex = 1; lastKnownFileType = text.xcconfig; name = "Pods-LCEasyTableView_Example.release.xcconfig"; path = "Target Support Files/Pods-LCEasyTableView_Example/Pods-LCEasyTableView_Example.release.xcconfig"; sourceTree = "<group>"; };
		BAEE6E4302B288E3D4CFF1CD /* Pods_LCEasyTableView_Tests.framework */ = {isa = PBXFileReference; explicitFileType = wrapper.framework; includeInIndex = 0; path = Pods_LCEasyTableView_Tests.framework; sourceTree = BUILT_PRODUCTS_DIR; };
		E2C06740AFF179632D53E397 /* Pods_LCEasyTableView_Example.framework */ = {isa = PBXFileReference; explicitFileType = wrapper.framework; includeInIndex = 0; path = Pods_LCEasyTableView_Example.framework; sourceTree = BUILT_PRODUCTS_DIR; };
		E4A619DEA46FE2E13B08BC7E /* Pods-LCEasyTableView_Example.debug.xcconfig */ = {isa = PBXFileReference; includeInIndex = 1; lastKnownFileType = text.xcconfig; name = "Pods-LCEasyTableView_Example.debug.xcconfig"; path = "Target Support Files/Pods-LCEasyTableView_Example/Pods-LCEasyTableView_Example.debug.xcconfig"; sourceTree = "<group>"; };
		E8C2A7C83AA9294073A38C76 /* Pods-LCEasyTableView_Tests.release.xcconfig */ = {isa = PBXFileReference; includeInIndex = 1; lastKnownFileType = text.xcconfig; name = "Pods-LCEasyTableView_Tests.release.xcconfig"; path = "Target Support Files/Pods-LCEasyTableView_Tests/Pods-LCEasyTableView_Tests.release.xcconfig"; sourceTree = "<group>"; };
/* End PBXFileReference section */

/* Begin PBXFrameworksBuildPhase section */
		6003F587195388D20070C39A /* Frameworks */ = {
			isa = PBXFrameworksBuildPhase;
			buildActionMask = 2147483647;
			files = (
				6003F590195388D20070C39A /* CoreGraphics.framework in Frameworks */,
				6003F592195388D20070C39A /* UIKit.framework in Frameworks */,
				6003F58E195388D20070C39A /* Foundation.framework in Frameworks */,
				898C1F396A386332445F54AA /* Pods_LCEasyTableView_Example.framework in Frameworks */,
			);
			runOnlyForDeploymentPostprocessing = 0;
		};
		6003F5AB195388D20070C39A /* Frameworks */ = {
			isa = PBXFrameworksBuildPhase;
			buildActionMask = 2147483647;
			files = (
				6003F5B0195388D20070C39A /* XCTest.framework in Frameworks */,
				6003F5B2195388D20070C39A /* UIKit.framework in Frameworks */,
				6003F5B1195388D20070C39A /* Foundation.framework in Frameworks */,
				B7E489753C52D91CD7A957BC /* Pods_LCEasyTableView_Tests.framework in Frameworks */,
			);
			runOnlyForDeploymentPostprocessing = 0;
		};
/* End PBXFrameworksBuildPhase section */

/* Begin PBXGroup section */
		43828D14238BF19600460A24 /* ViewModels */ = {
			isa = PBXGroup;
			children = (
				43828D18238BF19600460A24 /* LCActionCellViewModel.h */,
				43828D16238BF19600460A24 /* LCActionCellViewModel.m */,
				43828D17238BF19600460A24 /* LCAnimalCellViewModel.h */,
				43828D15238BF19600460A24 /* LCAnimalCellViewModel.m */,
			);
			path = ViewModels;
			sourceTree = "<group>";
		};
		43828D19238BF19600460A24 /* ViewControllers */ = {
			isa = PBXGroup;
			children = (
				43828D21238BF19600460A24 /* CellStyle */,
				43828D1A238BF19600460A24 /* DataStyle */,
			);
			path = ViewControllers;
			sourceTree = "<group>";
		};
		43828D1A238BF19600460A24 /* DataStyle */ = {
			isa = PBXGroup;
			children = (
				43828D1D238BF19600460A24 /* LCDataStyleAllViewController.h */,
				43828D20238BF19600460A24 /* LCDataStyleAllViewController.m */,
				43828D1C238BF19600460A24 /* LCDataStyleRowsViewController.h */,
				43828D1E238BF19600460A24 /* LCDataStyleRowsViewController.m */,
				43828D1B238BF19600460A24 /* LCDataStyleSectionsViewController.h */,
				43828D1F238BF19600460A24 /* LCDataStyleSectionsViewController.m */,
			);
			path = DataStyle;
			sourceTree = "<group>";
		};
		43828D21238BF19600460A24 /* CellStyle */ = {
			isa = PBXGroup;
			children = (
				43828D22238BF19600460A24 /* LCTableStyleViewController.h */,
				43828D23238BF19600460A24 /* LCCellsViewController.h */,
				43828D24238BF19600460A24 /* LCTableStyleViewController.m */,
				43828D25238BF19600460A24 /* LCCellsViewController.m */,
			);
			path = CellStyle;
			sourceTree = "<group>";
		};
		43828D26238BF19600460A24 /* Models */ = {
			isa = PBXGroup;
			children = (
				43828D27238BF19600460A24 /* LCAnimalModel.m */,
				43828D28238BF19600460A24 /* LCPersonModel.m */,
				43828D29238BF19600460A24 /* LCPlantModel.m */,
				43828D2A238BF19600460A24 /* LCAnimalModel.h */,
				43828D2B238BF19600460A24 /* LCPersonModel.h */,
				43828D2C238BF19600460A24 /* LCPlantModel.h */,
			);
			path = Models;
			sourceTree = "<group>";
		};
		43828D2D238BF19600460A24 /* Views */ = {
			isa = PBXGroup;
			children = (
				43828D34238BF19600460A24 /* LCActionCell.h */,
				43828D31238BF19600460A24 /* LCActionCell.m */,
				43828D33238BF19600460A24 /* LCAnimalCell.h */,
				43828D2E238BF19600460A24 /* LCAnimalCell.m */,
				43828D32238BF19600460A24 /* LCPersonCell.h */,
				43828D36238BF19600460A24 /* LCPersonCell.m */,
				43828D35238BF19600460A24 /* LCPlantCell.h */,
				43828D30238BF19600460A24 /* LCPlantCell.m */,
				43828D2F238BF19600460A24 /* LCPlantCell.xib */,
			);
			path = Views;
			sourceTree = "<group>";
		};
		6003F581195388D10070C39A = {
			isa = PBXGroup;
			children = (
				60FF7A9C1954A5C5007DD14C /* Podspec Metadata */,
				6003F593195388D20070C39A /* Example for LCEasyTableView */,
				6003F5B5195388D20070C39A /* Tests */,
				6003F58C195388D20070C39A /* Frameworks */,
				6003F58B195388D20070C39A /* Products */,
				AC33381411CDD911B5C353FD /* Pods */,
			);
			sourceTree = "<group>";
		};
		6003F58B195388D20070C39A /* Products */ = {
			isa = PBXGroup;
			children = (
				6003F58A195388D20070C39A /* LCEasyTableView_Example.app */,
				6003F5AE195388D20070C39A /* LCEasyTableView_Tests.xctest */,
			);
			name = Products;
			sourceTree = "<group>";
		};
		6003F58C195388D20070C39A /* Frameworks */ = {
			isa = PBXGroup;
			children = (
				6003F58D195388D20070C39A /* Foundation.framework */,
				6003F58F195388D20070C39A /* CoreGraphics.framework */,
				6003F591195388D20070C39A /* UIKit.framework */,
				6003F5AF195388D20070C39A /* XCTest.framework */,
				E2C06740AFF179632D53E397 /* Pods_LCEasyTableView_Example.framework */,
				BAEE6E4302B288E3D4CFF1CD /* Pods_LCEasyTableView_Tests.framework */,
			);
			name = Frameworks;
			sourceTree = "<group>";
		};
		6003F593195388D20070C39A /* Example for LCEasyTableView */ = {
			isa = PBXGroup;
			children = (
				6003F59C195388D20070C39A /* LCAppDelegate.h */,
				6003F59D195388D20070C39A /* LCAppDelegate.m */,
				43828D46238BF19D00460A24 /* LCNavigationController.h */,
				43828D47238BF19D00460A24 /* LCNavigationController.m */,
				6003F5A5195388D20070C39A /* LCViewController.h */,
				6003F5A6195388D20070C39A /* LCViewController.m */,
				43828D19238BF19600460A24 /* ViewControllers */,
				43828D14238BF19600460A24 /* ViewModels */,
				43828D2D238BF19600460A24 /* Views */,
				43828D26238BF19600460A24 /* Models */,
				71719F9D1E33DC2100824A3D /* LaunchScreen.storyboard */,
				873B8AEA1B1F5CCA007FD442 /* Main.storyboard */,
				6003F5A8195388D20070C39A /* Images.xcassets */,
				6003F594195388D20070C39A /* Supporting Files */,
			);
			name = "Example for LCEasyTableView";
			path = LCEasyTableView;
			sourceTree = "<group>";
		};
		6003F594195388D20070C39A /* Supporting Files */ = {
			isa = PBXGroup;
			children = (
				6003F595195388D20070C39A /* LCEasyTableView-Info.plist */,
				6003F596195388D20070C39A /* InfoPlist.strings */,
				6003F599195388D20070C39A /* main.m */,
				6003F59B195388D20070C39A /* LCEasyTableView-Prefix.pch */,
			);
			name = "Supporting Files";
			sourceTree = "<group>";
		};
		6003F5B5195388D20070C39A /* Tests */ = {
			isa = PBXGroup;
			children = (
				6003F5BB195388D20070C39A /* Tests.m */,
				6003F5B6195388D20070C39A /* Supporting Files */,
			);
			path = Tests;
			sourceTree = "<group>";
		};
		6003F5B6195388D20070C39A /* Supporting Files */ = {
			isa = PBXGroup;
			children = (
				6003F5B7195388D20070C39A /* Tests-Info.plist */,
				6003F5B8195388D20070C39A /* InfoPlist.strings */,
				606FC2411953D9B200FFA9A0 /* Tests-Prefix.pch */,
			);
			name = "Supporting Files";
			sourceTree = "<group>";
		};
		60FF7A9C1954A5C5007DD14C /* Podspec Metadata */ = {
			isa = PBXGroup;
			children = (
				5DE68630476180DE112B29CB /* LCEasyTableView.podspec */,
				38FFE36ACE93C2D5CD311DD8 /* README.md */,
				5F49301F8717CB18605AEB36 /* LICENSE */,
			);
			name = "Podspec Metadata";
			sourceTree = "<group>";
		};
		AC33381411CDD911B5C353FD /* Pods */ = {
			isa = PBXGroup;
			children = (
				E4A619DEA46FE2E13B08BC7E /* Pods-LCEasyTableView_Example.debug.xcconfig */,
				9B89E89010358EF18B8309B4 /* Pods-LCEasyTableView_Example.release.xcconfig */,
				896E9D1F0BA02508860FC844 /* Pods-LCEasyTableView_Tests.debug.xcconfig */,
				E8C2A7C83AA9294073A38C76 /* Pods-LCEasyTableView_Tests.release.xcconfig */,
			);
			path = Pods;
			sourceTree = "<group>";
		};
/* End PBXGroup section */

/* Begin PBXNativeTarget section */
		6003F589195388D20070C39A /* LCEasyTableView_Example */ = {
			isa = PBXNativeTarget;
			buildConfigurationList = 6003F5BF195388D20070C39A /* Build configuration list for PBXNativeTarget "LCEasyTableView_Example" */;
			buildPhases = (
				7D9FD25BBE5716C0294DB352 /* [CP] Check Pods Manifest.lock */,
				6003F586195388D20070C39A /* Sources */,
				6003F587195388D20070C39A /* Frameworks */,
				6003F588195388D20070C39A /* Resources */,
				4E0F039D5DBDA9EC7735CD2B /* [CP] Embed Pods Frameworks */,
			);
			buildRules = (
			);
			dependencies = (
			);
			name = LCEasyTableView_Example;
			productName = LCEasyTableView;
			productReference = 6003F58A195388D20070C39A /* LCEasyTableView_Example.app */;
			productType = "com.apple.product-type.application";
		};
		6003F5AD195388D20070C39A /* LCEasyTableView_Tests */ = {
			isa = PBXNativeTarget;
			buildConfigurationList = 6003F5C2195388D20070C39A /* Build configuration list for PBXNativeTarget "LCEasyTableView_Tests" */;
			buildPhases = (
				AA62814DEF4023A1A4427DB2 /* [CP] Check Pods Manifest.lock */,
				6003F5AA195388D20070C39A /* Sources */,
				6003F5AB195388D20070C39A /* Frameworks */,
				6003F5AC195388D20070C39A /* Resources */,
			);
			buildRules = (
			);
			dependencies = (
				6003F5B4195388D20070C39A /* PBXTargetDependency */,
			);
			name = LCEasyTableView_Tests;
			productName = LCEasyTableViewTests;
			productReference = 6003F5AE195388D20070C39A /* LCEasyTableView_Tests.xctest */;
			productType = "com.apple.product-type.bundle.unit-test";
		};
/* End PBXNativeTarget section */

/* Begin PBXProject section */
		6003F582195388D10070C39A /* Project object */ = {
			isa = PBXProject;
			attributes = {
				CLASSPREFIX = LC;
				LastUpgradeCheck = 0720;
				ORGANIZATIONNAME = LuckyCat7848;
				TargetAttributes = {
					6003F5AD195388D20070C39A = {
						TestTargetID = 6003F589195388D20070C39A;
					};
				};
			};
			buildConfigurationList = 6003F585195388D10070C39A /* Build configuration list for PBXProject "LCEasyTableView" */;
			compatibilityVersion = "Xcode 3.2";
			developmentRegion = English;
			hasScannedForEncodings = 0;
			knownRegions = (
				en,
				Base,
			);
			mainGroup = 6003F581195388D10070C39A;
			productRefGroup = 6003F58B195388D20070C39A /* Products */;
			projectDirPath = "";
			projectRoot = "";
			targets = (
				6003F589195388D20070C39A /* LCEasyTableView_Example */,
				6003F5AD195388D20070C39A /* LCEasyTableView_Tests */,
			);
		};
/* End PBXProject section */

/* Begin PBXResourcesBuildPhase section */
		6003F588195388D20070C39A /* Resources */ = {
			isa = PBXResourcesBuildPhase;
			buildActionMask = 2147483647;
			files = (
				873B8AEB1B1F5CCA007FD442 /* Main.storyboard in Resources */,
				71719F9F1E33DC2100824A3D /* LaunchScreen.storyboard in Resources */,
				6003F5A9195388D20070C39A /* Images.xcassets in Resources */,
				43828D42238BF19600460A24 /* LCPlantCell.xib in Resources */,
				6003F598195388D20070C39A /* InfoPlist.strings in Resources */,
			);
			runOnlyForDeploymentPostprocessing = 0;
		};
		6003F5AC195388D20070C39A /* Resources */ = {
			isa = PBXResourcesBuildPhase;
			buildActionMask = 2147483647;
			files = (
				6003F5BA195388D20070C39A /* InfoPlist.strings in Resources */,
			);
			runOnlyForDeploymentPostprocessing = 0;
		};
/* End PBXResourcesBuildPhase section */

/* Begin PBXShellScriptBuildPhase section */
		4E0F039D5DBDA9EC7735CD2B /* [CP] Embed Pods Frameworks */ = {
			isa = PBXShellScriptBuildPhase;
			buildActionMask = 2147483647;
			files = (
			);
			inputFileListPaths = (
			);
			inputPaths = (
				"${PODS_ROOT}/Target Support Files/Pods-LCEasyTableView_Example/Pods-LCEasyTableView_Example-frameworks.sh",
				"${BUILT_PRODUCTS_DIR}/LCEasyTableView/LCEasyTableView.framework",
				"${BUILT_PRODUCTS_DIR}/YYKit/YYKit.framework",
			);
			name = "[CP] Embed Pods Frameworks";
			outputFileListPaths = (
			);
			outputPaths = (
				"${TARGET_BUILD_DIR}/${FRAMEWORKS_FOLDER_PATH}/LCEasyTableView.framework",
				"${TARGET_BUILD_DIR}/${FRAMEWORKS_FOLDER_PATH}/YYKit.framework",
			);
			runOnlyForDeploymentPostprocessing = 0;
			shellPath = /bin/sh;
			shellScript = "\"${PODS_ROOT}/Target Support Files/Pods-LCEasyTableView_Example/Pods-LCEasyTableView_Example-frameworks.sh\"\n";
			showEnvVarsInLog = 0;
		};
		7D9FD25BBE5716C0294DB352 /* [CP] Check Pods Manifest.lock */ = {
			isa = PBXShellScriptBuildPhase;
			buildActionMask = 2147483647;
			files = (
			);
			inputFileListPaths = (
			);
			inputPaths = (
				"${PODS_PODFILE_DIR_PATH}/Podfile.lock",
				"${PODS_ROOT}/Manifest.lock",
			);
			name = "[CP] Check Pods Manifest.lock";
			outputFileListPaths = (
			);
			outputPaths = (
				"$(DERIVED_FILE_DIR)/Pods-LCEasyTableView_Example-checkManifestLockResult.txt",
			);
			runOnlyForDeploymentPostprocessing = 0;
			shellPath = /bin/sh;
			shellScript = "diff \"${PODS_PODFILE_DIR_PATH}/Podfile.lock\" \"${PODS_ROOT}/Manifest.lock\" > /dev/null\nif [ $? != 0 ] ; then\n    # print error to STDERR\n    echo \"error: The sandbox is not in sync with the Podfile.lock. Run 'pod install' or update your CocoaPods installation.\" >&2\n    exit 1\nfi\n# This output is used by Xcode 'outputs' to avoid re-running this script phase.\necho \"SUCCESS\" > \"${SCRIPT_OUTPUT_FILE_0}\"\n";
			showEnvVarsInLog = 0;
		};
		AA62814DEF4023A1A4427DB2 /* [CP] Check Pods Manifest.lock */ = {
			isa = PBXShellScriptBuildPhase;
			buildActionMask = 2147483647;
			files = (
			);
			inputFileListPaths = (
			);
			inputPaths = (
				"${PODS_PODFILE_DIR_PATH}/Podfile.lock",
				"${PODS_ROOT}/Manifest.lock",
			);
			name = "[CP] Check Pods Manifest.lock";
			outputFileListPaths = (
			);
			outputPaths = (
				"$(DERIVED_FILE_DIR)/Pods-LCEasyTableView_Tests-checkManifestLockResult.txt",
			);
			runOnlyForDeploymentPostprocessing = 0;
			shellPath = /bin/sh;
			shellScript = "diff \"${PODS_PODFILE_DIR_PATH}/Podfile.lock\" \"${PODS_ROOT}/Manifest.lock\" > /dev/null\nif [ $? != 0 ] ; then\n    # print error to STDERR\n    echo \"error: The sandbox is not in sync with the Podfile.lock. Run 'pod install' or update your CocoaPods installation.\" >&2\n    exit 1\nfi\n# This output is used by Xcode 'outputs' to avoid re-running this script phase.\necho \"SUCCESS\" > \"${SCRIPT_OUTPUT_FILE_0}\"\n";
			showEnvVarsInLog = 0;
		};
/* End PBXShellScriptBuildPhase section */

/* Begin PBXSourcesBuildPhase section */
		6003F586195388D20070C39A /* Sources */ = {
			isa = PBXSourcesBuildPhase;
			buildActionMask = 2147483647;
			files = (
				6003F59E195388D20070C39A /* LCAppDelegate.m in Sources */,
				6003F5A7195388D20070C39A /* LCViewController.m in Sources */,
				43828D41238BF19600460A24 /* LCAnimalCell.m in Sources */,
				43828D3A238BF19600460A24 /* LCDataStyleSectionsViewController.m in Sources */,
				43828D3B238BF19600460A24 /* LCDataStyleAllViewController.m in Sources */,
				43828D43238BF19600460A24 /* LCPlantCell.m in Sources */,
				43828D48238BF19D00460A24 /* LCNavigationController.m in Sources */,
				43828D44238BF19600460A24 /* LCActionCell.m in Sources */,
				6003F59A195388D20070C39A /* main.m in Sources */,
				43828D40238BF19600460A24 /* LCPlantModel.m in Sources */,
				43828D45238BF19600460A24 /* LCPersonCell.m in Sources */,
				43828D3D238BF19600460A24 /* LCCellsViewController.m in Sources */,
				43828D3E238BF19600460A24 /* LCAnimalModel.m in Sources */,
				43828D3C238BF19600460A24 /* LCTableStyleViewController.m in Sources */,
				43828D37238BF19600460A24 /* LCAnimalCellViewModel.m in Sources */,
				43828D3F238BF19600460A24 /* LCPersonModel.m in Sources */,
				43828D39238BF19600460A24 /* LCDataStyleRowsViewController.m in Sources */,
				43828D38238BF19600460A24 /* LCActionCellViewModel.m in Sources */,
			);
			runOnlyForDeploymentPostprocessing = 0;
		};
		6003F5AA195388D20070C39A /* Sources */ = {
			isa = PBXSourcesBuildPhase;
			buildActionMask = 2147483647;
			files = (
				6003F5BC195388D20070C39A /* Tests.m in Sources */,
			);
			runOnlyForDeploymentPostprocessing = 0;
		};
/* End PBXSourcesBuildPhase section */

/* Begin PBXTargetDependency section */
		6003F5B4195388D20070C39A /* PBXTargetDependency */ = {
			isa = PBXTargetDependency;
			target = 6003F589195388D20070C39A /* LCEasyTableView_Example */;
			targetProxy = 6003F5B3195388D20070C39A /* PBXContainerItemProxy */;
		};
/* End PBXTargetDependency section */

/* Begin PBXVariantGroup section */
		6003F596195388D20070C39A /* InfoPlist.strings */ = {
			isa = PBXVariantGroup;
			children = (
				6003F597195388D20070C39A /* en */,
			);
			name = InfoPlist.strings;
			sourceTree = "<group>";
		};
		6003F5B8195388D20070C39A /* InfoPlist.strings */ = {
			isa = PBXVariantGroup;
			children = (
				6003F5B9195388D20070C39A /* en */,
			);
			name = InfoPlist.strings;
			sourceTree = "<group>";
		};
		71719F9D1E33DC2100824A3D /* LaunchScreen.storyboard */ = {
			isa = PBXVariantGroup;
			children = (
				71719F9E1E33DC2100824A3D /* Base */,
			);
			name = LaunchScreen.storyboard;
			sourceTree = "<group>";
		};
/* End PBXVariantGroup section */

/* Begin XCBuildConfiguration section */
		6003F5BD195388D20070C39A /* Debug */ = {
			isa = XCBuildConfiguration;
			buildSettings = {
				ALWAYS_SEARCH_USER_PATHS = NO;
				CLANG_CXX_LANGUAGE_STANDARD = "gnu++0x";
				CLANG_CXX_LIBRARY = "libc++";
				CLANG_ENABLE_MODULES = YES;
				CLANG_ENABLE_OBJC_ARC = YES;
				CLANG_WARN_BOOL_CONVERSION = YES;
				CLANG_WARN_CONSTANT_CONVERSION = YES;
				CLANG_WARN_DIRECT_OBJC_ISA_USAGE = YES_ERROR;
				CLANG_WARN_EMPTY_BODY = YES;
				CLANG_WARN_ENUM_CONVERSION = YES;
				CLANG_WARN_INT_CONVERSION = YES;
				CLANG_WARN_OBJC_ROOT_CLASS = YES_ERROR;
				CLANG_WARN__DUPLICATE_METHOD_MATCH = YES;
				"CODE_SIGN_IDENTITY[sdk=iphoneos*]" = "iPhone Developer";
				COPY_PHASE_STRIP = NO;
				ENABLE_TESTABILITY = YES;
				GCC_C_LANGUAGE_STANDARD = gnu99;
				GCC_DYNAMIC_NO_PIC = NO;
				GCC_OPTIMIZATION_LEVEL = 0;
				GCC_PREPROCESSOR_DEFINITIONS = (
					"DEBUG=1",
					"$(inherited)",
				);
				GCC_SYMBOLS_PRIVATE_EXTERN = NO;
				GCC_WARN_64_TO_32_BIT_CONVERSION = YES;
				GCC_WARN_ABOUT_RETURN_TYPE = YES_ERROR;
				GCC_WARN_UNDECLARED_SELECTOR = YES;
				GCC_WARN_UNINITIALIZED_AUTOS = YES_AGGRESSIVE;
				GCC_WARN_UNUSED_FUNCTION = YES;
				GCC_WARN_UNUSED_VARIABLE = YES;
				IPHONEOS_DEPLOYMENT_TARGET = 9.3;
				ONLY_ACTIVE_ARCH = YES;
				SDKROOT = iphoneos;
				TARGETED_DEVICE_FAMILY = "1,2";
			};
			name = Debug;
		};
		6003F5BE195388D20070C39A /* Release */ = {
			isa = XCBuildConfiguration;
			buildSettings = {
				ALWAYS_SEARCH_USER_PATHS = NO;
				CLANG_CXX_LANGUAGE_STANDARD = "gnu++0x";
				CLANG_CXX_LIBRARY = "libc++";
				CLANG_ENABLE_MODULES = YES;
				CLANG_ENABLE_OBJC_ARC = YES;
				CLANG_WARN_BOOL_CONVERSION = YES;
				CLANG_WARN_CONSTANT_CONVERSION = YES;
				CLANG_WARN_DIRECT_OBJC_ISA_USAGE = YES_ERROR;
				CLANG_WARN_EMPTY_BODY = YES;
				CLANG_WARN_ENUM_CONVERSION = YES;
				CLANG_WARN_INT_CONVERSION = YES;
				CLANG_WARN_OBJC_ROOT_CLASS = YES_ERROR;
				CLANG_WARN__DUPLICATE_METHOD_MATCH = YES;
				"CODE_SIGN_IDENTITY[sdk=iphoneos*]" = "iPhone Developer";
				COPY_PHASE_STRIP = YES;
				ENABLE_NS_ASSERTIONS = NO;
				GCC_C_LANGUAGE_STANDARD = gnu99;
				GCC_WARN_64_TO_32_BIT_CONVERSION = YES;
				GCC_WARN_ABOUT_RETURN_TYPE = YES_ERROR;
				GCC_WARN_UNDECLARED_SELECTOR = YES;
				GCC_WARN_UNINITIALIZED_AUTOS = YES_AGGRESSIVE;
				GCC_WARN_UNUSED_FUNCTION = YES;
				GCC_WARN_UNUSED_VARIABLE = YES;
				IPHONEOS_DEPLOYMENT_TARGET = 9.3;
				SDKROOT = iphoneos;
				TARGETED_DEVICE_FAMILY = "1,2";
				VALIDATE_PRODUCT = YES;
			};
			name = Release;
		};
		6003F5C0195388D20070C39A /* Debug */ = {
			isa = XCBuildConfiguration;
			baseConfigurationReference = E4A619DEA46FE2E13B08BC7E /* Pods-LCEasyTableView_Example.debug.xcconfig */;
			buildSettings = {
				ASSETCATALOG_COMPILER_APPICON_NAME = AppIcon;
				GCC_PRECOMPILE_PREFIX_HEADER = YES;
				GCC_PREFIX_HEADER = "LCEasyTableView/LCEasyTableView-Prefix.pch";
				INFOPLIST_FILE = "LCEasyTableView/LCEasyTableView-Info.plist";
				MODULE_NAME = ExampleApp;
				PRODUCT_BUNDLE_IDENTIFIER = "org.cocoapods.demo.${PRODUCT_NAME:rfc1034identifier}";
				PRODUCT_NAME = "$(TARGET_NAME)";
				SWIFT_VERSION = 4.0;
				WRAPPER_EXTENSION = app;
			};
			name = Debug;
		};
		6003F5C1195388D20070C39A /* Release */ = {
			isa = XCBuildConfiguration;
			baseConfigurationReference = 9B89E89010358EF18B8309B4 /* Pods-LCEasyTableView_Example.release.xcconfig */;
			buildSettings = {
				ASSETCATALOG_COMPILER_APPICON_NAME = AppIcon;
				GCC_PRECOMPILE_PREFIX_HEADER = YES;
				GCC_PREFIX_HEADER = "LCEasyTableView/LCEasyTableView-Prefix.pch";
				INFOPLIST_FILE = "LCEasyTableView/LCEasyTableView-Info.plist";
				MODULE_NAME = ExampleApp;
				PRODUCT_BUNDLE_IDENTIFIER = "org.cocoapods.demo.${PRODUCT_NAME:rfc1034identifier}";
				PRODUCT_NAME = "$(TARGET_NAME)";
				SWIFT_VERSION = 4.0;
				WRAPPER_EXTENSION = app;
			};
			name = Release;
		};
		6003F5C3195388D20070C39A /* Debug */ = {
			isa = XCBuildConfiguration;
			baseConfigurationReference = 896E9D1F0BA02508860FC844 /* Pods-LCEasyTableView_Tests.debug.xcconfig */;
			buildSettings = {
				BUNDLE_LOADER = "$(TEST_HOST)";
				FRAMEWORK_SEARCH_PATHS = (
					"$(PLATFORM_DIR)/Developer/Library/Frameworks",
					"$(inherited)",
					"$(DEVELOPER_FRAMEWORKS_DIR)",
				);
				GCC_PRECOMPILE_PREFIX_HEADER = YES;
				GCC_PREFIX_HEADER = "Tests/Tests-Prefix.pch";
				GCC_PREPROCESSOR_DEFINITIONS = (
					"DEBUG=1",
					"$(inherited)",
				);
				INFOPLIST_FILE = "Tests/Tests-Info.plist";
				PRODUCT_BUNDLE_IDENTIFIER = "org.cocoapods.demo.${PRODUCT_NAME:rfc1034identifier}";
				PRODUCT_NAME = "$(TARGET_NAME)";
				SWIFT_VERSION = 4.0;
				TEST_HOST = "$(BUILT_PRODUCTS_DIR)/LCEasyTableView_Example.app/LCEasyTableView_Example";
				WRAPPER_EXTENSION = xctest;
			};
			name = Debug;
		};
		6003F5C4195388D20070C39A /* Release */ = {
			isa = XCBuildConfiguration;
			baseConfigurationReference = E8C2A7C83AA9294073A38C76 /* Pods-LCEasyTableView_Tests.release.xcconfig */;
			buildSettings = {
				BUNDLE_LOADER = "$(TEST_HOST)";
				FRAMEWORK_SEARCH_PATHS = (
					"$(PLATFORM_DIR)/Developer/Library/Frameworks",
					"$(inherited)",
					"$(DEVELOPER_FRAMEWORKS_DIR)",
				);
				GCC_PRECOMPILE_PREFIX_HEADER = YES;
				GCC_PREFIX_HEADER = "Tests/Tests-Prefix.pch";
				INFOPLIST_FILE = "Tests/Tests-Info.plist";
				PRODUCT_BUNDLE_IDENTIFIER = "org.cocoapods.demo.${PRODUCT_NAME:rfc1034identifier}";
				PRODUCT_NAME = "$(TARGET_NAME)";
				SWIFT_VERSION = 4.0;
				TEST_HOST = "$(BUILT_PRODUCTS_DIR)/LCEasyTableView_Example.app/LCEasyTableView_Example";
				WRAPPER_EXTENSION = xctest;
			};
			name = Release;
		};
/* End XCBuildConfiguration section */

/* Begin XCConfigurationList section */
		6003F585195388D10070C39A /* Build configuration list for PBXProject "LCEasyTableView" */ = {
			isa = XCConfigurationList;
			buildConfigurations = (
				6003F5BD195388D20070C39A /* Debug */,
				6003F5BE195388D20070C39A /* Release */,
			);
			defaultConfigurationIsVisible = 0;
			defaultConfigurationName = Release;
		};
		6003F5BF195388D20070C39A /* Build configuration list for PBXNativeTarget "LCEasyTableView_Example" */ = {
			isa = XCConfigurationList;
			buildConfigurations = (
				6003F5C0195388D20070C39A /* Debug */,
				6003F5C1195388D20070C39A /* Release */,
			);
			defaultConfigurationIsVisible = 0;
			defaultConfigurationName = Release;
		};
		6003F5C2195388D20070C39A /* Build configuration list for PBXNativeTarget "LCEasyTableView_Tests" */ = {
			isa = XCConfigurationList;
			buildConfigurations = (
				6003F5C3195388D20070C39A /* Debug */,
				6003F5C4195388D20070C39A /* Release */,
			);
			defaultConfigurationIsVisible = 0;
			defaultConfigurationName = Release;
		};
/* End XCConfigurationList section */
	};
	rootObject = 6003F582195388D10070C39A /* Project object */;
}
